// !$*UTF8*$!
{
	archiveVersion = 1;
	classes = {
	};
	objectVersion = 48;
	objects = {

/* Begin PBXBuildFile section */
		7B1DC0822014ED0400CEFE4C /* dropAPin.swift in Sources */ = {isa = PBXBuildFile; fileRef = 7B1DC0812014ED0400CEFE4C /* dropAPin.swift */; };
		7B48562B20179C5400DAE44C /* photoCell.swift in Sources */ = {isa = PBXBuildFile; fileRef = 7B48562A20179C5400DAE44C /* photoCell.swift */; };
		7B4C2FA12018F2630013E659 /* Constants.swift in Sources */ = {isa = PBXBuildFile; fileRef = 7B4C2FA02018F2630013E659 /* Constants.swift */; };
		7B751B6C201B7EFB004D689F /* PopVC.swift in Sources */ = {isa = PBXBuildFile; fileRef = 7B751B6B201B7EFB004D689F /* PopVC.swift */; };
		7BDBD58620139B45005FEC01 /* AppDelegate.swift in Sources */ = {isa = PBXBuildFile; fileRef = 7BDBD58520139B45005FEC01 /* AppDelegate.swift */; };
		7BDBD58820139B45005FEC01 /* MapVC.swift in Sources */ = {isa = PBXBuildFile; fileRef = 7BDBD58720139B45005FEC01 /* MapVC.swift */; };
		7BDBD58B20139B45005FEC01 /* Main.storyboard in Resources */ = {isa = PBXBuildFile; fileRef = 7BDBD58920139B45005FEC01 /* Main.storyboard */; };
		7BDBD58D20139B45005FEC01 /* Assets.xcassets in Resources */ = {isa = PBXBuildFile; fileRef = 7BDBD58C20139B45005FEC01 /* Assets.xcassets */; };
		7BDBD59020139B45005FEC01 /* LaunchScreen.storyboard in Resources */ = {isa = PBXBuildFile; fileRef = 7BDBD58E20139B45005FEC01 /* LaunchScreen.storyboard */; };
		F0C1F826C7FED3A813F6A139 /* Pods_pixel_city.framework in Frameworks */ = {isa = PBXBuildFile; fileRef = 465BFCB35C2632F865A36BC4 /* Pods_pixel_city.framework */; };
/* End PBXBuildFile section */

/* Begin PBXFileReference section */
		2C7D55ACEBF259FC13CF6295 /* Pods-pixel city.release.xcconfig */ = {isa = PBXFileReference; includeInIndex = 1; lastKnownFileType = text.xcconfig; name = "Pods-pixel city.release.xcconfig"; path = "Pods/Target Support Files/Pods-pixel city/Pods-pixel city.release.xcconfig"; sourceTree = "<group>"; };
		465BFCB35C2632F865A36BC4 /* Pods_pixel_city.framework */ = {isa = PBXFileReference; explicitFileType = wrapper.framework; includeInIndex = 0; path = Pods_pixel_city.framework; sourceTree = BUILT_PRODUCTS_DIR; };
		7B1DC0812014ED0400CEFE4C /* dropAPin.swift */ = {isa = PBXFileReference; lastKnownFileType = sourcecode.swift; path = dropAPin.swift; sourceTree = "<group>"; };
		7B48562A20179C5400DAE44C /* photoCell.swift */ = {isa = PBXFileReference; lastKnownFileType = sourcecode.swift; path = photoCell.swift; sourceTree = "<group>"; };
		7B4C2FA02018F2630013E659 /* Constants.swift */ = {isa = PBXFileReference; lastKnownFileType = sourcecode.swift; path = Constants.swift; sourceTree = "<group>"; };
		7B751B6B201B7EFB004D689F /* PopVC.swift */ = {isa = PBXFileReference; lastKnownFileType = sourcecode.swift; path = PopVC.swift; sourceTree = "<group>"; };
		7BDBD58220139B45005FEC01 /* pixel city.app */ = {isa = PBXFileReference; explicitFileType = wrapper.application; includeInIndex = 0; path = "pixel city.app"; sourceTree = BUILT_PRODUCTS_DIR; };
		7BDBD58520139B45005FEC01 /* AppDelegate.swift */ = {isa = PBXFileReference; lastKnownFileType = sourcecode.swift; path = AppDelegate.swift; sourceTree = "<group>"; };
		7BDBD58720139B45005FEC01 /* MapVC.swift */ = {isa = PBXFileReference; lastKnownFileType = sourcecode.swift; path = MapVC.swift; sourceTree = "<group>"; };
		7BDBD58A20139B45005FEC01 /* Base */ = {isa = PBXFileReference; lastKnownFileType = file.storyboard; name = Base; path = Base.lproj/Main.storyboard; sourceTree = "<group>"; };
		7BDBD58C20139B45005FEC01 /* Assets.xcassets */ = {isa = PBXFileReference; lastKnownFileType = folder.assetcatalog; path = Assets.xcassets; sourceTree = "<group>"; };
		7BDBD58F20139B45005FEC01 /* Base */ = {isa = PBXFileReference; lastKnownFileType = file.storyboard; name = Base; path = Base.lproj/LaunchScreen.storyboard; sourceTree = "<group>"; };
		7BDBD59120139B45005FEC01 /* Info.plist */ = {isa = PBXFileReference; lastKnownFileType = text.plist.xml; path = Info.plist; sourceTree = "<group>"; };
		CDE8FFB36DF38F0CDD78E112 /* Pods-pixel city.debug.xcconfig */ = {isa = PBXFileReference; includeInIndex = 1; lastKnownFileType = text.xcconfig; name = "Pods-pixel city.debug.xcconfig"; path = "Pods/Target Support Files/Pods-pixel city/Pods-pixel city.debug.xcconfig"; sourceTree = "<group>"; };
/* End PBXFileReference section */

/* Begin PBXFrameworksBuildPhase section */
		7BDBD57F20139B45005FEC01 /* Frameworks */ = {
			isa = PBXFrameworksBuildPhase;
			buildActionMask = 2147483647;
			files = (
				F0C1F826C7FED3A813F6A139 /* Pods_pixel_city.framework in Frameworks */,
			);
			runOnlyForDeploymentPostprocessing = 0;
		};
/* End PBXFrameworksBuildPhase section */

/* Begin PBXGroup section */
		30DCB921296E9713B40EA774 /* Frameworks */ = {
			isa = PBXGroup;
			children = (
				465BFCB35C2632F865A36BC4 /* Pods_pixel_city.framework */,
			);
			name = Frameworks;
			sourceTree = "<group>";
		};
		7BDBD57920139B45005FEC01 = {
			isa = PBXGroup;
			children = (
				7BDBD58420139B45005FEC01 /* pixel city */,
				7BDBD58320139B45005FEC01 /* Products */,
				8FBF05894B7A2A6D18FBA955 /* Pods */,
				30DCB921296E9713B40EA774 /* Frameworks */,
			);
			sourceTree = "<group>";
		};
		7BDBD58320139B45005FEC01 /* Products */ = {
			isa = PBXGroup;
			children = (
				7BDBD58220139B45005FEC01 /* pixel city.app */,
			);
			name = Products;
			sourceTree = "<group>";
		};
		7BDBD58420139B45005FEC01 /* pixel city */ = {
			isa = PBXGroup;
			children = (
				7BDBD59B20139BAD005FEC01 /* Utilities */,
				7BDBD59A20139B9E005FEC01 /* Extension */,
				7BDBD59920139B92005FEC01 /* Controller */,
				7BDBD59820139B8A005FEC01 /* View */,
				7BDBD59720139B7B005FEC01 /* Model */,
				7BDBD58520139B45005FEC01 /* AppDelegate.swift */,
				7BDBD58920139B45005FEC01 /* Main.storyboard */,
				7BDBD58C20139B45005FEC01 /* Assets.xcassets */,
				7BDBD58E20139B45005FEC01 /* LaunchScreen.storyboard */,
				7BDBD59120139B45005FEC01 /* Info.plist */,
			);
			path = "pixel city";
			sourceTree = "<group>";
		};
		7BDBD59720139B7B005FEC01 /* Model */ = {
			isa = PBXGroup;
			children = (
			);
			path = Model;
			sourceTree = "<group>";
		};
		7BDBD59820139B8A005FEC01 /* View */ = {
			isa = PBXGroup;
			children = (
				7B1DC0812014ED0400CEFE4C /* dropAPin.swift */,
				7B48562A20179C5400DAE44C /* photoCell.swift */,
			);
			path = View;
			sourceTree = "<group>";
		};
		7BDBD59920139B92005FEC01 /* Controller */ = {
			isa = PBXGroup;
			children = (
				7BDBD58720139B45005FEC01 /* MapVC.swift */,
				7B751B6B201B7EFB004D689F /* PopVC.swift */,
			);
			path = Controller;
			sourceTree = "<group>";
		};
		7BDBD59A20139B9E005FEC01 /* Extension */ = {
			isa = PBXGroup;
			children = (
			);
			path = Extension;
			sourceTree = "<group>";
		};
		7BDBD59B20139BAD005FEC01 /* Utilities */ = {
			isa = PBXGroup;
			children = (
				7B4C2FA02018F2630013E659 /* Constants.swift */,
			);
			path = Utilities;
			sourceTree = "<group>";
		};
		8FBF05894B7A2A6D18FBA955 /* Pods */ = {
			isa = PBXGroup;
			children = (
				CDE8FFB36DF38F0CDD78E112 /* Pods-pixel city.debug.xcconfig */,
				2C7D55ACEBF259FC13CF6295 /* Pods-pixel city.release.xcconfig */,
			);
			name = Pods;
			sourceTree = "<group>";
		};
/* End PBXGroup section */

/* Begin PBXNativeTarget section */
		7BDBD58120139B45005FEC01 /* pixel city */ = {
			isa = PBXNativeTarget;
			buildConfigurationList = 7BDBD59420139B45005FEC01 /* Build configuration list for PBXNativeTarget "pixel city" */;
			buildPhases = (
				AA8A51575EF5D0A9FC5D99C6 /* [CP] Check Pods Manifest.lock */,
				7BDBD57E20139B45005FEC01 /* Sources */,
				7BDBD57F20139B45005FEC01 /* Frameworks */,
				7BDBD58020139B45005FEC01 /* Resources */,
				3C3785F12A63B32FAB9479CF /* [CP] Embed Pods Frameworks */,
				1F1F852745A6020F3A7DA042 /* [CP] Copy Pods Resources */,
			);
			buildRules = (
			);
			dependencies = (
			);
			name = "pixel city";
			productName = "pixel city";
			productReference = 7BDBD58220139B45005FEC01 /* pixel city.app */;
			productType = "com.apple.product-type.application";
		};
/* End PBXNativeTarget section */

/* Begin PBXProject section */
		7BDBD57A20139B45005FEC01 /* Project object */ = {
			isa = PBXProject;
			attributes = {
				LastSwiftUpdateCheck = 0900;
				LastUpgradeCheck = 0900;
				ORGANIZATIONNAME = "Debain Yann";
				TargetAttributes = {
					7BDBD58120139B45005FEC01 = {
						CreatedOnToolsVersion = 9.0;
						ProvisioningStyle = Automatic;
					};
				};
			};
			buildConfigurationList = 7BDBD57D20139B45005FEC01 /* Build configuration list for PBXProject "pixel city" */;
			compatibilityVersion = "Xcode 8.0";
			developmentRegion = en;
			hasScannedForEncodings = 0;
			knownRegions = (
				en,
				Base,
			);
			mainGroup = 7BDBD57920139B45005FEC01;
			productRefGroup = 7BDBD58320139B45005FEC01 /* Products */;
			projectDirPath = "";
			projectRoot = "";
			targets = (
				7BDBD58120139B45005FEC01 /* pixel city */,
			);
		};
/* End PBXProject section */

/* Begin PBXResourcesBuildPhase section */
		7BDBD58020139B45005FEC01 /* Resources */ = {
			isa = PBXResourcesBuildPhase;
			buildActionMask = 2147483647;
			files = (
				7BDBD59020139B45005FEC01 /* LaunchScreen.storyboard in Resources */,
				7BDBD58D20139B45005FEC01 /* Assets.xcassets in Resources */,
				7BDBD58B20139B45005FEC01 /* Main.storyboard in Resources */,
			);
			runOnlyForDeploymentPostprocessing = 0;
		};
/* End PBXResourcesBuildPhase section */

/* Begin PBXShellScriptBuildPhase section */
		1F1F852745A6020F3A7DA042 /* [CP] Copy Pods Resources */ = {
			isa = PBXShellScriptBuildPhase;
			buildActionMask = 2147483647;
			files = (
			);
			inputPaths = (
			);
			name = "[CP] Copy Pods Resources";
			outputPaths = (
			);
			runOnlyForDeploymentPostprocessing = 0;
			shellPath = /bin/sh;
			shellScript = "\"${SRCROOT}/Pods/Target Support Files/Pods-pixel city/Pods-pixel city-resources.sh\"\n";
			showEnvVarsInLog = 0;
		};
		3C3785F12A63B32FAB9479CF /* [CP] Embed Pods Frameworks */ = {
			isa = PBXShellScriptBuildPhase;
			buildActionMask = 2147483647;
			files = (
			);
			inputPaths = (
			);
			name = "[CP] Embed Pods Frameworks";
			outputPaths = (
			);
			runOnlyForDeploymentPostprocessing = 0;
			shellPath = /bin/sh;
			shellScript = "\"${SRCROOT}/Pods/Target Support Files/Pods-pixel city/Pods-pixel city-frameworks.sh\"\n";
			showEnvVarsInLog = 0;
		};
		AA8A51575EF5D0A9FC5D99C6 /* [CP] Check Pods Manifest.lock */ = {
			isa = PBXShellScriptBuildPhase;
			buildActionMask = 2147483647;
			files = (
			);
			inputPaths = (
			);
			name = "[CP] Check Pods Manifest.lock";
			outputPaths = (
			);
			runOnlyForDeploymentPostprocessing = 0;
			shellPath = /bin/sh;
			shellScript = "diff \"${PODS_ROOT}/../Podfile.lock\" \"${PODS_ROOT}/Manifest.lock\" > /dev/null\nif [ $? != 0 ] ; then\n    # print error to STDERR\n    echo \"error: The sandbox is not in sync with the Podfile.lock. Run 'pod install' or update your CocoaPods installation.\" >&2\n    exit 1\nfi\n";
			showEnvVarsInLog = 0;
		};
/* End PBXShellScriptBuildPhase section */

/* Begin PBXSourcesBuildPhase section */
		7BDBD57E20139B45005FEC01 /* Sources */ = {
			isa = PBXSourcesBuildPhase;
			buildActionMask = 2147483647;
			files = (
				7B751B6C201B7EFB004D689F /* PopVC.swift in Sources */,
				7B4C2FA12018F2630013E659 /* Constants.swift in Sources */,
				7B48562B20179C5400DAE44C /* photoCell.swift in Sources */,
				7BDBD58820139B45005FEC01 /* MapVC.swift in Sources */,
				7BDBD58620139B45005FEC01 /* AppDelegate.swift in Sources */,
				7B1DC0822014ED0400CEFE4C /* dropAPin.swift in Sources */,
			);
			runOnlyForDeploymentPostprocessing = 0;
		};
/* End PBXSourcesBuildPhase section */

/* Begin PBXVariantGroup section */
		7BDBD58920139B45005FEC01 /* Main.storyboard */ = {
			isa = PBXVariantGroup;
			children = (
				7BDBD58A20139B45005FEC01 /* Base */,
			);
			name = Main.storyboard;
			sourceTree = "<group>";
		};
		7BDBD58E20139B45005FEC01 /* LaunchScreen.storyboard */ = {
			isa = PBXVariantGroup;
			children = (
				7BDBD58F20139B45005FEC01 /* Base */,
			);
			name = LaunchScreen.storyboard;
			sourceTree = "<group>";
		};
/* End PBXVariantGroup section */

/* Begin XCBuildConfiguration section */
		7BDBD59220139B45005FEC01 /* Debug */ = {
			isa = XCBuildConfiguration;
			buildSettings = {
				ALWAYS_SEARCH_USER_PATHS = NO;
				CLANG_ANALYZER_NONNULL = YES;
				CLANG_ANALYZER_NUMBER_OBJECT_CONVERSION = YES_AGGRESSIVE;
				CLANG_CXX_LANGUAGE_STANDARD = "gnu++14";
				CLANG_CXX_LIBRARY = "libc++";
				CLANG_ENABLE_MODULES = YES;
				CLANG_ENABLE_OBJC_ARC = YES;
				CLANG_WARN_BLOCK_CAPTURE_AUTORELEASING = YES;
				CLANG_WARN_BOOL_CONVERSION = YES;
				CLANG_WARN_COMMA = YES;
				CLANG_WARN_CONSTANT_CONVERSION = YES;
				CLANG_WARN_DIRECT_OBJC_ISA_USAGE = YES_ERROR;
				CLANG_WARN_DOCUMENTATION_COMMENTS = YES;
				CLANG_WARN_EMPTY_BODY = YES;
				CLANG_WARN_ENUM_CONVERSION = YES;
				CLANG_WARN_INFINITE_RECURSION = YES;
				CLANG_WARN_INT_CONVERSION = YES;
				CLANG_WARN_NON_LITERAL_NULL_CONVERSION = YES;
				CLANG_WARN_OBJC_LITERAL_CONVERSION = YES;
				CLANG_WARN_OBJC_ROOT_CLASS = YES_ERROR;
				CLANG_WARN_RANGE_LOOP_ANALYSIS = YES;
				CLANG_WARN_STRICT_PROTOTYPES = YES;
				CLANG_WARN_SUSPICIOUS_MOVE = YES;
				CLANG_WARN_UNGUARDED_AVAILABILITY = YES_AGGRESSIVE;
				CLANG_WARN_UNREACHABLE_CODE = YES;
				CLANG_WARN__DUPLICATE_METHOD_MATCH = YES;
				CODE_SIGN_IDENTITY = "iPhone Developer";
				COPY_PHASE_STRIP = NO;
				DEBUG_INFORMATION_FORMAT = dwarf;
				ENABLE_STRICT_OBJC_MSGSEND = YES;
				ENABLE_TESTABILITY = YES;
				GCC_C_LANGUAGE_STANDARD = gnu11;
				GCC_DYNAMIC_NO_PIC = NO;
				GCC_NO_COMMON_BLOCKS = YES;
				GCC_OPTIMIZATION_LEVEL = 0;
				GCC_PREPROCESSOR_DEFINITIONS = (
					"DEBUG=1",
					"$(inherited)",
				);
				GCC_WARN_64_TO_32_BIT_CONVERSION = YES;
				GCC_WARN_ABOUT_RETURN_TYPE = YES_ERROR;
				GCC_WARN_UNDECLARED_SELECTOR = YES;
				GCC_WARN_UNINITIALIZED_AUTOS = YES_AGGRESSIVE;
				GCC_WARN_UNUSED_FUNCTION = YES;
				GCC_WARN_UNUSED_VARIABLE = YES;
				IPHONEOS_DEPLOYMENT_TARGET = 11.0;
				MTL_ENABLE_DEBUG_INFO = YES;
				ONLY_ACTIVE_ARCH = YES;
				SDKROOT = iphoneos;
				SWIFT_ACTIVE_COMPILATION_CONDITIONS = DEBUG;
				SWIFT_OPTIMIZATION_LEVEL = "-Onone";
			};
			name = Debug;
		};
		7BDBD59320139B45005FEC01 /* Release */ = {
			isa = XCBuildConfiguration;
			buildSettings = {
				ALWAYS_SEARCH_USER_PATHS = NO;
				CLANG_ANALYZER_NONNULL = YES;
				CLANG_ANALYZER_NUMBER_OBJECT_CONVERSION = YES_AGGRESSIVE;
				CLANG_CXX_LANGUAGE_STANDARD = "gnu++14";
				CLANG_CXX_LIBRARY = "libc++";
				CLANG_ENABLE_MODULES = YES;
				CLANG_ENABLE_OBJC_ARC = YES;
				CLANG_WARN_BLOCK_CAPTURE_AUTORELEASING = YES;
				CLANG_WARN_BOOL_CONVERSION = YES;
				CLANG_WARN_COMMA = YES;
				CLANG_WARN_CONSTANT_CONVERSION = YES;
				CLANG_WARN_DIRECT_OBJC_ISA_USAGE = YES_ERROR;
				CLANG_WARN_DOCUMENTATION_COMMENTS = YES;
				CLANG_WARN_EMPTY_BODY = YES;
				CLANG_WARN_ENUM_CONVERSION = YES;
				CLANG_WARN_INFINITE_RECURSION = YES;
				CLANG_WARN_INT_CONVERSION = YES;
				CLANG_WARN_NON_LITERAL_NULL_CONVERSION = YES;
				CLANG_WARN_OBJC_LITERAL_CONVERSION = YES;
				CLANG_WARN_OBJC_ROOT_CLASS = YES_ERROR;
				CLANG_WARN_RANGE_LOOP_ANALYSIS = YES;
				CLANG_WARN_STRICT_PROTOTYPES = YES;
				CLANG_WARN_SUSPICIOUS_MOVE = YES;
				CLANG_WARN_UNGUARDED_AVAILABILITY = YES_AGGRESSIVE;
				CLANG_WARN_UNREACHABLE_CODE = YES;
				CLANG_WARN__DUPLICATE_METHOD_MATCH = YES;
				CODE_SIGN_IDENTITY = "iPhone Developer";
				COPY_PHASE_STRIP = NO;
				DEBUG_INFORMATION_FORMAT = "dwarf-with-dsym";
				ENABLE_NS_ASSERTIONS = NO;
				ENABLE_STRICT_OBJC_MSGSEND = YES;
				GCC_C_LANGUAGE_STANDARD = gnu11;
				GCC_NO_COMMON_BLOCKS = YES;
				GCC_WARN_64_TO_32_BIT_CONVERSION = YES;
				GCC_WARN_ABOUT_RETURN_TYPE = YES_ERROR;
				GCC_WARN_UNDECLARED_SELECTOR = YES;
				GCC_WARN_UNINITIALIZED_AUTOS = YES_AGGRESSIVE;
				GCC_WARN_UNUSED_FUNCTION = YES;
				GCC_WARN_UNUSED_VARIABLE = YES;
				IPHONEOS_DEPLOYMENT_TARGET = 11.0;
				MTL_ENABLE_DEBUG_INFO = NO;
				SDKROOT = iphoneos;
				SWIFT_OPTIMIZATION_LEVEL = "-Owholemodule";
				VALIDATE_PRODUCT = YES;
			};
			name = Release;
		};
		7BDBD59520139B45005FEC01 /* Debug */ = {
			isa = XCBuildConfiguration;
			baseConfigurationReference = CDE8FFB36DF38F0CDD78E112 /* Pods-pixel city.debug.xcconfig */;
			buildSettings = {
				ASSETCATALOG_COMPILER_APPICON_NAME = AppIcon;
				CODE_SIGN_STYLE = Automatic;
				DEVELOPMENT_TEAM = 78Z37TSJ54;
				INFOPLIST_FILE = "pixel city/Info.plist";
				LD_RUNPATH_SEARCH_PATHS = "$(inherited) @executable_path/Frameworks";
				PRODUCT_BUNDLE_IDENTIFIER = "DY.pixel-city";
				PRODUCT_NAME = "$(TARGET_NAME)";
				SWIFT_VERSION = 4.0;
				TARGETED_DEVICE_FAMILY = "1,2";
			};
			name = Debug;
		};
		7BDBD59620139B45005FEC01 /* Release */ = {
			isa = XCBuildConfiguration;
			baseConfigurationReference = 2C7D55ACEBF259FC13CF6295 /* Pods-pixel city.release.xcconfig */;
			buildSettings = {
				ASSETCATALOG_COMPILER_APPICON_NAME = AppIcon;
				CODE_SIGN_STYLE = Automatic;
				DEVELOPMENT_TEAM = 78Z37TSJ54;
				INFOPLIST_FILE = "pixel city/Info.plist";
				LD_RUNPATH_SEARCH_PATHS = "$(inherited) @executable_path/Frameworks";
				PRODUCT_BUNDLE_IDENTIFIER = "DY.pixel-city";
				PRODUCT_NAME = "$(TARGET_NAME)";
				SWIFT_VERSION = 4.0;
				TARGETED_DEVICE_FAMILY = "1,2";
			};
			name = Release;
		};
/* End XCBuildConfiguration section */

/* Begin XCConfigurationList section */
		7BDBD57D20139B45005FEC01 /* Build configuration list for PBXProject "pixel city" */ = {
			isa = XCConfigurationList;
			buildConfigurations = (
				7BDBD59220139B45005FEC01 /* Debug */,
				7BDBD59320139B45005FEC01 /* Release */,
			);
			defaultConfigurationIsVisible = 0;
			defaultConfigurationName = Release;
		};
		7BDBD59420139B45005FEC01 /* Build configuration list for PBXNativeTarget "pixel city" */ = {
			isa = XCConfigurationList;
			buildConfigurations = (
				7BDBD59520139B45005FEC01 /* Debug */,
				7BDBD59620139B45005FEC01 /* Release */,
			);
			defaultConfigurationIsVisible = 0;
			defaultConfigurationName = Release;
		};
/* End XCConfigurationList section */
	};
	rootObject = 7BDBD57A20139B45005FEC01 /* Project object */;
}
